
Microsoft Visual Studio Solution File, Format Version 12.00
# Visual Studio Version 17
VisualStudioVersion = 17.7.34024.191
MinimumVisualStudioVersion = 10.0.40219.1
Project("{2150E333-8FDC-42A3-9474-1A3956D46DE8}") = "Microservices", "Microservices", "{484852B8-2350-48D9-9B52-8D27D10BD73D}"
EndProject
Project("{2150E333-8FDC-42A3-9474-1A3956D46DE8}") = "Domain", "Domain", "{A130BCFF-740A-4F30-9B3C-946D9A80B33E}"
EndProject
Project("{2150E333-8FDC-42A3-9474-1A3956D46DE8}") = "Infra.Bus", "Infra.Bus", "{8838F594-87D0-4DB9-9BCF-9D63C6AABD19}"
EndProject
Project("{2150E333-8FDC-42A3-9474-1A3956D46DE8}") = "Infra.Ioc", "Infra.Ioc", "{177D9CA1-39AB-473B-ADFE-A7DD72A20F8D}"
EndProject
Project("{2150E333-8FDC-42A3-9474-1A3956D46DE8}") = "Presentation", "Presentation", "{D01764C0-5A7E-4224-AFBC-226F5486AC62}"
EndProject
Project("{9A19103F-16F7-4668-BE54-9A1E7A4F7556}") = "MicroRabbit.Domain.Core", "MicroRabbit.Domain.Core\MicroRabbit.Domain.Core.csproj", "{7C5A3911-7D37-48B4-8F29-C503454BB7CF}"
EndProject
Project("{9A19103F-16F7-4668-BE54-9A1E7A4F7556}") = "MicroRabbit.Infra.Bus", "MicroRabbit.Infra.Bus\MicroRabbit.Infra.Bus.csproj", "{621D9F73-5FF9-427D-8937-9810F048D806}"
EndProject
Project("{9A19103F-16F7-4668-BE54-9A1E7A4F7556}") = "MicroRabbit.Infra.Ioc", "MicroRabbit.Infra.Ioc\MicroRabbit.Infra.Ioc.csproj", "{49A88962-EE6E-48EA-9974-5AF3F1F5E141}"
EndProject
Project("{2150E333-8FDC-42A3-9474-1A3956D46DE8}") = "Banking", "Banking", "{381FFE65-AE41-4CB4-942C-4E538AFD0F1F}"
EndProject
Project("{2150E333-8FDC-42A3-9474-1A3956D46DE8}") = "Api", "Api", "{C9526264-444F-4809-A464-E2CA67DF1A46}"
EndProject
Project("{2150E333-8FDC-42A3-9474-1A3956D46DE8}") = "Domain", "Domain", "{4BAB092D-C77F-4B9D-ACA7-08DCF4C470E4}"
EndProject
Project("{2150E333-8FDC-42A3-9474-1A3956D46DE8}") = "Application", "Application", "{AE62B09A-B270-42E1-A9F4-8E070FDB0081}"
EndProject
Project("{9A19103F-16F7-4668-BE54-9A1E7A4F7556}") = "MicroRabbit.Banking.Api", "MicroRabbit.Banking.Api\MicroRabbit.Banking.Api.csproj", "{E751D53F-A75C-4C7F-AE63-ADFA1C696B52}"
EndProject
Project("{9A19103F-16F7-4668-BE54-9A1E7A4F7556}") = "MicroRabbit.Banking.Application", "MicroRabbit.Banking.Application\MicroRabbit.Banking.Application.csproj", "{14EFADC5-E0B7-4941-9A5D-3639228552F4}"
EndProject
Project("{9A19103F-16F7-4668-BE54-9A1E7A4F7556}") = "MicroRabbit.Banking.Domain", "MicroRabbit.Banking.Domain\MicroRabbit.Banking.Domain.csproj", "{2D605F72-52CF-4443-9463-75B4A3C2AF6E}"
EndProject
Project("{2150E333-8FDC-42A3-9474-1A3956D46DE8}") = "Data", "Data", "{C070FC7A-64EA-4B72-8132-47128D16EE6E}"
EndProject
Project("{9A19103F-16F7-4668-BE54-9A1E7A4F7556}") = "MicroRabbit.Banking.Data", "MicroRabbit.Banking.Data\MicroRabbit.Banking.Data.csproj", "{67519442-6620-4B5F-8A11-424E06B097AE}"
EndProject
Project("{2150E333-8FDC-42A3-9474-1A3956D46DE8}") = "Transfer", "Transfer", "{C0B6999B-0024-4FF1-BA96-C537B4F1813C}"
EndProject
Project("{2150E333-8FDC-42A3-9474-1A3956D46DE8}") = "Api", "Api", "{35C92AC4-6A8C-4276-BCA2-4CAC0EEB71C8}"
EndProject
Project("{2150E333-8FDC-42A3-9474-1A3956D46DE8}") = "Application", "Application", "{FB379D6A-93E4-43BA-A840-ED82DE4267F3}"
EndProject
Project("{2150E333-8FDC-42A3-9474-1A3956D46DE8}") = "Data", "Data", "{ACE9D95F-5FEB-4C6F-9A79-9D8990BCF7B9}"
EndProject
Project("{2150E333-8FDC-42A3-9474-1A3956D46DE8}") = "Domain", "Domain", "{3B02317A-851A-406C-A1AA-D81E408C2280}"
EndProject
Project("{FAE04EC0-301F-11D3-BF4B-00C04F79EFBC}") = "MicroRabbit.Transfer.Api", "MicroRabbit.Transfer.Api\MicroRabbit.Transfer.Api.csproj", "{DBF248B8-ADEF-47BB-A161-9940EE0015C9}"
EndProject
Project("{FAE04EC0-301F-11D3-BF4B-00C04F79EFBC}") = "MicroRabbit.Transfer.Application", "MicroRabbit.Transfer.Application\MicroRabbit.Transfer.Application.csproj", "{6991A3FA-326B-465B-A011-08D5E5092C2C}"
EndProject
Project("{FAE04EC0-301F-11D3-BF4B-00C04F79EFBC}") = "MicroRabbit.Transfer.Data", "MicroRabbit.Transfer.Data\MicroRabbit.Transfer.Data.csproj", "{9A40F298-2C20-4606-8816-275569C93313}"
EndProject
Project("{FAE04EC0-301F-11D3-BF4B-00C04F79EFBC}") = "MicroRabbit.Transfer.Domain", "MicroRabbit.Transfer.Domain\MicroRabbit.Transfer.Domain.csproj", "{61FE90BC-6CBB-4A70-A870-9BCE00763DD1}"
EndProject
Global
	GlobalSection(SolutionConfigurationPlatforms) = preSolution
		Debug|Any CPU = Debug|Any CPU
		Release|Any CPU = Release|Any CPU
	EndGlobalSection
	GlobalSection(ProjectConfigurationPlatforms) = postSolution
		{7C5A3911-7D37-48B4-8F29-C503454BB7CF}.Debug|Any CPU.ActiveCfg = Debug|Any CPU
		{7C5A3911-7D37-48B4-8F29-C503454BB7CF}.Debug|Any CPU.Build.0 = Debug|Any CPU
		{7C5A3911-7D37-48B4-8F29-C503454BB7CF}.Release|Any CPU.ActiveCfg = Release|Any CPU
		{7C5A3911-7D37-48B4-8F29-C503454BB7CF}.Release|Any CPU.Build.0 = Release|Any CPU
		{621D9F73-5FF9-427D-8937-9810F048D806}.Debug|Any CPU.ActiveCfg = Debug|Any CPU
		{621D9F73-5FF9-427D-8937-9810F048D806}.Debug|Any CPU.Build.0 = Debug|Any CPU
		{621D9F73-5FF9-427D-8937-9810F048D806}.Release|Any CPU.ActiveCfg = Release|Any CPU
		{621D9F73-5FF9-427D-8937-9810F048D806}.Release|Any CPU.Build.0 = Release|Any CPU
		{49A88962-EE6E-48EA-9974-5AF3F1F5E141}.Debug|Any CPU.ActiveCfg = Debug|Any CPU
		{49A88962-EE6E-48EA-9974-5AF3F1F5E141}.Debug|Any CPU.Build.0 = Debug|Any CPU
		{49A88962-EE6E-48EA-9974-5AF3F1F5E141}.Release|Any CPU.ActiveCfg = Release|Any CPU
		{49A88962-EE6E-48EA-9974-5AF3F1F5E141}.Release|Any CPU.Build.0 = Release|Any CPU
		{E751D53F-A75C-4C7F-AE63-ADFA1C696B52}.Debug|Any CPU.ActiveCfg = Debug|Any CPU
		{E751D53F-A75C-4C7F-AE63-ADFA1C696B52}.Debug|Any CPU.Build.0 = Debug|Any CPU
		{E751D53F-A75C-4C7F-AE63-ADFA1C696B52}.Release|Any CPU.ActiveCfg = Release|Any CPU
		{E751D53F-A75C-4C7F-AE63-ADFA1C696B52}.Release|Any CPU.Build.0 = Release|Any CPU
		{14EFADC5-E0B7-4941-9A5D-3639228552F4}.Debug|Any CPU.ActiveCfg = Debug|Any CPU
		{14EFADC5-E0B7-4941-9A5D-3639228552F4}.Debug|Any CPU.Build.0 = Debug|Any CPU
		{14EFADC5-E0B7-4941-9A5D-3639228552F4}.Release|Any CPU.ActiveCfg = Release|Any CPU
		{14EFADC5-E0B7-4941-9A5D-3639228552F4}.Release|Any CPU.Build.0 = Release|Any CPU
		{2D605F72-52CF-4443-9463-75B4A3C2AF6E}.Debug|Any CPU.ActiveCfg = Debug|Any CPU
		{2D605F72-52CF-4443-9463-75B4A3C2AF6E}.Debug|Any CPU.Build.0 = Debug|Any CPU
		{2D605F72-52CF-4443-9463-75B4A3C2AF6E}.Release|Any CPU.ActiveCfg = Release|Any CPU
		{2D605F72-52CF-4443-9463-75B4A3C2AF6E}.Release|Any CPU.Build.0 = Release|Any CPU
		{67519442-6620-4B5F-8A11-424E06B097AE}.Debug|Any CPU.ActiveCfg = Debug|Any CPU
		{67519442-6620-4B5F-8A11-424E06B097AE}.Debug|Any CPU.Build.0 = Debug|Any CPU
		{67519442-6620-4B5F-8A11-424E06B097AE}.Release|Any CPU.ActiveCfg = Release|Any CPU
		{67519442-6620-4B5F-8A11-424E06B097AE}.Release|Any CPU.Build.0 = Release|Any CPU
		{DBF248B8-ADEF-47BB-A161-9940EE0015C9}.Debug|Any CPU.ActiveCfg = Debug|Any CPU
		{DBF248B8-ADEF-47BB-A161-9940EE0015C9}.Debug|Any CPU.Build.0 = Debug|Any CPU
		{DBF248B8-ADEF-47BB-A161-9940EE0015C9}.Release|Any CPU.ActiveCfg = Release|Any CPU
		{DBF248B8-ADEF-47BB-A161-9940EE0015C9}.Release|Any CPU.Build.0 = Release|Any CPU
		{6991A3FA-326B-465B-A011-08D5E5092C2C}.Debug|Any CPU.ActiveCfg = Debug|Any CPU
		{6991A3FA-326B-465B-A011-08D5E5092C2C}.Debug|Any CPU.Build.0 = Debug|Any CPU
		{6991A3FA-326B-465B-A011-08D5E5092C2C}.Release|Any CPU.ActiveCfg = Release|Any CPU
		{6991A3FA-326B-465B-A011-08D5E5092C2C}.Release|Any CPU.Build.0 = Release|Any CPU
		{9A40F298-2C20-4606-8816-275569C93313}.Debug|Any CPU.ActiveCfg = Debug|Any CPU
		{9A40F298-2C20-4606-8816-275569C93313}.Debug|Any CPU.Build.0 = Debug|Any CPU
		{9A40F298-2C20-4606-8816-275569C93313}.Release|Any CPU.ActiveCfg = Release|Any CPU
		{9A40F298-2C20-4606-8816-275569C93313}.Release|Any CPU.Build.0 = Release|Any CPU
		{61FE90BC-6CBB-4A70-A870-9BCE00763DD1}.Debug|Any CPU.ActiveCfg = Debug|Any CPU
		{61FE90BC-6CBB-4A70-A870-9BCE00763DD1}.Debug|Any CPU.Build.0 = Debug|Any CPU
		{61FE90BC-6CBB-4A70-A870-9BCE00763DD1}.Release|Any CPU.ActiveCfg = Release|Any CPU
		{61FE90BC-6CBB-4A70-A870-9BCE00763DD1}.Release|Any CPU.Build.0 = Release|Any CPU
	EndGlobalSection
	GlobalSection(SolutionProperties) = preSolution
		HideSolutionNode = FALSE
	EndGlobalSection
	GlobalSection(NestedProjects) = preSolution
		{7C5A3911-7D37-48B4-8F29-C503454BB7CF} = {A130BCFF-740A-4F30-9B3C-946D9A80B33E}
		{621D9F73-5FF9-427D-8937-9810F048D806} = {8838F594-87D0-4DB9-9BCF-9D63C6AABD19}
		{49A88962-EE6E-48EA-9974-5AF3F1F5E141} = {177D9CA1-39AB-473B-ADFE-A7DD72A20F8D}
		{381FFE65-AE41-4CB4-942C-4E538AFD0F1F} = {484852B8-2350-48D9-9B52-8D27D10BD73D}
		{C9526264-444F-4809-A464-E2CA67DF1A46} = {381FFE65-AE41-4CB4-942C-4E538AFD0F1F}
		{4BAB092D-C77F-4B9D-ACA7-08DCF4C470E4} = {381FFE65-AE41-4CB4-942C-4E538AFD0F1F}
		{AE62B09A-B270-42E1-A9F4-8E070FDB0081} = {381FFE65-AE41-4CB4-942C-4E538AFD0F1F}
		{E751D53F-A75C-4C7F-AE63-ADFA1C696B52} = {C9526264-444F-4809-A464-E2CA67DF1A46}
		{14EFADC5-E0B7-4941-9A5D-3639228552F4} = {AE62B09A-B270-42E1-A9F4-8E070FDB0081}
		{2D605F72-52CF-4443-9463-75B4A3C2AF6E} = {4BAB092D-C77F-4B9D-ACA7-08DCF4C470E4}
		{C070FC7A-64EA-4B72-8132-47128D16EE6E} = {381FFE65-AE41-4CB4-942C-4E538AFD0F1F}
		{67519442-6620-4B5F-8A11-424E06B097AE} = {C070FC7A-64EA-4B72-8132-47128D16EE6E}
		{C0B6999B-0024-4FF1-BA96-C537B4F1813C} = {484852B8-2350-48D9-9B52-8D27D10BD73D}
		{35C92AC4-6A8C-4276-BCA2-4CAC0EEB71C8} = {C0B6999B-0024-4FF1-BA96-C537B4F1813C}
		{FB379D6A-93E4-43BA-A840-ED82DE4267F3} = {C0B6999B-0024-4FF1-BA96-C537B4F1813C}
		{ACE9D95F-5FEB-4C6F-9A79-9D8990BCF7B9} = {C0B6999B-0024-4FF1-BA96-C537B4F1813C}
		{3B02317A-851A-406C-A1AA-D81E408C2280} = {C0B6999B-0024-4FF1-BA96-C537B4F1813C}
		{DBF248B8-ADEF-47BB-A161-9940EE0015C9} = {35C92AC4-6A8C-4276-BCA2-4CAC0EEB71C8}
		{6991A3FA-326B-465B-A011-08D5E5092C2C} = {FB379D6A-93E4-43BA-A840-ED82DE4267F3}
		{9A40F298-2C20-4606-8816-275569C93313} = {ACE9D95F-5FEB-4C6F-9A79-9D8990BCF7B9}
		{61FE90BC-6CBB-4A70-A870-9BCE00763DD1} = {3B02317A-851A-406C-A1AA-D81E408C2280}
	EndGlobalSection
	GlobalSection(ExtensibilityGlobals) = postSolution
		SolutionGuid = {BE26C055-7092-4099-AC25-3163460B5C0F}
	EndGlobalSection
EndGlobal
