
Microsoft Visual Studio Solution File, Format Version 12.00
# Visual Studio Version 17
VisualStudioVersion = 17.7.34024.191
MinimumVisualStudioVersion = 10.0.40219.1
Project("{2150E333-8FDC-42A3-9474-1A3956D46DE8}") = "Microservices", "Microservices", "{484852B8-2350-48D9-9B52-8D27D10BD73D}"
EndProject
Project("{2150E333-8FDC-42A3-9474-1A3956D46DE8}") = "Domain", "Domain", "{A130BCFF-740A-4F30-9B3C-946D9A80B33E}"
EndProject
Project("{2150E333-8FDC-42A3-9474-1A3956D46DE8}") = "Infra.Bus", "Infra.Bus", "{8838F594-87D0-4DB9-9BCF-9D63C6AABD19}"
EndProject
Project("{2150E333-8FDC-42A3-9474-1A3956D46DE8}") = "Infra.Ioc", "Infra.Ioc", "{177D9CA1-39AB-473B-ADFE-A7DD72A20F8D}"
EndProject
Project("{2150E333-8FDC-42A3-9474-1A3956D46DE8}") = "Presentation", "Presentation", "{D01764C0-5A7E-4224-AFBC-226F5486AC62}"
EndProject
Project("{FAE04EC0-301F-11D3-BF4B-00C04F79EFBC}") = "MicroRabbit.Domain.Core", "MicroRabbit.Domain.Core\MicroRabbit.Domain.Core.csproj", "{7C5A3911-7D37-48B4-8F29-C503454BB7CF}"
EndProject
Global
	GlobalSection(SolutionConfigurationPlatforms) = preSolution
		Debug|Any CPU = Debug|Any CPU
		Release|Any CPU = Release|Any CPU
	EndGlobalSection
	GlobalSection(ProjectConfigurationPlatforms) = postSolution
		{7C5A3911-7D37-48B4-8F29-C503454BB7CF}.Debug|Any CPU.ActiveCfg = Debug|Any CPU
		{7C5A3911-7D37-48B4-8F29-C503454BB7CF}.Debug|Any CPU.Build.0 = Debug|Any CPU
		{7C5A3911-7D37-48B4-8F29-C503454BB7CF}.Release|Any CPU.ActiveCfg = Release|Any CPU
		{7C5A3911-7D37-48B4-8F29-C503454BB7CF}.Release|Any CPU.Build.0 = Release|Any CPU
	EndGlobalSection
	GlobalSection(SolutionProperties) = preSolution
		HideSolutionNode = FALSE
	EndGlobalSection
	GlobalSection(NestedProjects) = preSolution
		{7C5A3911-7D37-48B4-8F29-C503454BB7CF} = {A130BCFF-740A-4F30-9B3C-946D9A80B33E}
	EndGlobalSection
	GlobalSection(ExtensibilityGlobals) = postSolution
		SolutionGuid = {BE26C055-7092-4099-AC25-3163460B5C0F}
	EndGlobalSection
EndGlobal
